
Microsoft Visual Studio Solution File, Format Version 12.00
# Visual Studio Version 16
VisualStudioVersion = 16.0.32002.261
MinimumVisualStudioVersion = 10.0.40219.1
Project("{FAE04EC0-301F-11D3-BF4B-00C04F79EFBC}") = "WindowsFormsApp2", "WindowsFormsApp2\WindowsFormsApp2.csproj", "{B5CB9781-C4F3-41EE-8568-991482BC6536}"
EndProject
Global
	GlobalSection(SolutionConfigurationPlatforms) = preSolution
		Debug|Any CPU = Debug|Any CPU
		Release|Any CPU = Release|Any CPU
	EndGlobalSection
	GlobalSection(ProjectConfigurationPlatforms) = postSolution
		{B5CB9781-C4F3-41EE-8568-991482BC6536}.Debug|Any CPU.ActiveCfg = Debug|Any CPU
		{B5CB9781-C4F3-41EE-8568-991482BC6536}.Debug|Any CPU.Build.0 = Debug|Any CPU
		{B5CB9781-C4F3-41EE-8568-991482BC6536}.Release|Any CPU.ActiveCfg = Release|Any CPU
		{B5CB9781-C4F3-41EE-8568-991482BC6536}.Release|Any CPU.Build.0 = Release|Any CPU
	EndGlobalSection
	GlobalSection(SolutionProperties) = preSolution
		HideSolutionNode = FALSE
	EndGlobalSection
	GlobalSection(ExtensibilityGlobals) = postSolution
		SolutionGuid = {F2AB152C-DFA4-4866-B3AB-AC3039F7FA9E}
	EndGlobalSection
EndGlobal
